{
  "version": 1,
  "dependencies": {
    "net9.0-windows7.0": {
      "NAudio": {
        "type": "Direct",
        "requested": "[3.1.0, )",
        "resolved": "3.1.0",
        "contentHash": "wD5UttLb5Eu/caAYPy/siDg7xf3KVkdJfMLXr+cJfAvxgh6wDnWOBxXfhYNMUiIaQRr2VPDjgPH2QIzBSP6gqw==",
        "dependencies": {
          "NAudio.Asio": "3.1.0",
          "NAudio.Core": "3.1.0",
          "NAudio.Dmo": "3.1.0",
          "NAudio.Midi": "3.1.0",
          "NAudio.Wasapi": "3.1.0",
          "NAudio.WinForms": "3.1.0",
          "NAudio.WinMM": "3.1.0"
        }
      },
      "NAudio.Asio": {
        "type": "Transitive",
        "resolved": "3.1.0",
        "contentHash": "v+ZgbdCaE/XyhByYNC+xgNdRNWy43GHWYJ+fLrXwjOLXYUToq45G5EGzdqlY//3KsX1zuVn+mU+SBBZ744zK6g==",
        "dependencies": {
          "NAudio.Core": "3.1.0"
        }
      },
      "NAudio.Core": {
        "type": "Transitive",
        "resolved": "3.1.0",
        "contentHash": "8Hrd3Uqb2wEB64eZYF+0vl9xBadeSn6JnFDsHuGrw87ucJ+pB7u5NzVpHl8OlCNvIvH+sD9b2h4JOqXBuZGYwg==",
        "dependencies": {
          "System.Numerics.Tensors": "9.0.0"
        }
      },
      "NAudio.Dmo": {
        "type": "Transitive",
        "resolved": "3.1.0",
        "contentHash": "XhVjBgIyj6qnZRfeGS2CkL6mffRLnT4WK/hAoNGZsqJK1p+XpWe0nFbUA+6Cmgj18oLoHYk2KouPw/Q94mTCnA==",
        "dependencies": {
          "NAudio.Core": "3.1.0"
        }
      },
      "NAudio.Midi": {
        "type": "Transitive",
        "resolved": "3.1.0",
        "contentHash": "McIiQyY5o0Q3QlF5oRm+b0A8IE0SorA/9HvNi88bH3MdSnGp7cM/9sze/zqbS/9PFdKYVRZPtoLwqoAF4BgjeA==",
        "dependencies": {
          "NAudio.Core": "3.1.0"
        }
      },
      "NAudio.Wasapi": {
        "type": "Transitive",
        "resolved": "3.1.0",
        "contentHash": "iTG+oBJaiID344yz84PrTiVF98av5SsuOUu7ICskcUd6f5ShHDMskG9sE4XUM05Vdlwy88bMQDDC3e+85Mv8yw==",
        "dependencies": {
          "NAudio.Core": "3.1.0"
        }
      },
      "NAudio.WinForms": {
        "type": "Transitive",
        "resolved": "3.1.0",
        "contentHash": "oIjQu3bp9QtAB6wAf04pgeDUce+dIrSDcvNp689e/xYStyktG33nY2GwW7d1mS2zDAeA/YhUjY5DkakDWs9+1w==",
        "dependencies": {
          "NAudio.WinMM": "3.1.0"
        }
      },
      "NAudio.WinMM": {
        "type": "Transitive",
        "resolved": "3.1.0",
        "contentHash": "2LXIZwBQKxDZP+GvTvC9zrHiF0LQ3lvTi5dqgS175hY/bOtqFlDRRhzEnVv/lLFlQ+a1I/ZQ3m6CclTvztkf6A==",
        "dependencies": {
          "NAudio.Core": "3.1.0",
          "NAudio.Midi": "3.1.0"
        }
      },
      "System.Numerics.Tensors": {
        "type": "Transitive",
        "resolved": "9.0.0",
        "contentHash": "hyJB4UlpAi19Xr9AXzu2NuagKC4lPfHObNMEAA0HmqFz2rX7wKgzeYzO/jM/eBHDhnUGFFEjk5cOoJaxqg5J4A=="
      }
    },
    "net9.0-windows7.0/win-x64": {}
  }
}